
Microsoft Visual Studio Solution File, Format Version 12.00
# Visual Studio Version 17
VisualStudioVersion = 17.5.33627.172
MinimumVisualStudioVersion = 10.0.40219.1
Project("{FAE04EC0-301F-11D3-BF4B-00C04F79EFBC}") = "HellsGateResolver", "HellsGateResolver\HellsGateResolver.csproj", "{F9DED082-6446-4296-8953-FF43A4640B05}"
EndProject
Project("{FAE04EC0-301F-11D3-BF4B-00C04F79EFBC}") = "HalosGateResolver", "HalosGateResolver\HalosGateResolver.csproj", "{5DDA74A2-D4F1-428E-9D6B-D7A2AC579D94}"
EndProject
Project("{FAE04EC0-301F-11D3-BF4B-00C04F79EFBC}") = "InitialProcessResolver", "InitialProcessResolver\InitialProcessResolver.csproj", "{8FBB3D0E-C2F7-4193-A2C9-AE786E521D79}"
EndProject
Global
	GlobalSection(SolutionConfigurationPlatforms) = preSolution
		Debug|Any CPU = Debug|Any CPU
		Release|Any CPU = Release|Any CPU
	EndGlobalSection
	GlobalSection(ProjectConfigurationPlatforms) = postSolution
		{F9DED082-6446-4296-8953-FF43A4640B05}.Debug|Any CPU.ActiveCfg = Debug|Any CPU
		{F9DED082-6446-4296-8953-FF43A4640B05}.Debug|Any CPU.Build.0 = Debug|Any CPU
		{F9DED082-6446-4296-8953-FF43A4640B05}.Release|Any CPU.ActiveCfg = Release|Any CPU
		{F9DED082-6446-4296-8953-FF43A4640B05}.Release|Any CPU.Build.0 = Release|Any CPU
		{5DDA74A2-D4F1-428E-9D6B-D7A2AC579D94}.Debug|Any CPU.ActiveCfg = Debug|Any CPU
		{5DDA74A2-D4F1-428E-9D6B-D7A2AC579D94}.Debug|Any CPU.Build.0 = Debug|Any CPU
		{5DDA74A2-D4F1-428E-9D6B-D7A2AC579D94}.Release|Any CPU.ActiveCfg = Release|Any CPU
		{5DDA74A2-D4F1-428E-9D6B-D7A2AC579D94}.Release|Any CPU.Build.0 = Release|Any CPU
		{8FBB3D0E-C2F7-4193-A2C9-AE786E521D79}.Debug|Any CPU.ActiveCfg = Debug|Any CPU
		{8FBB3D0E-C2F7-4193-A2C9-AE786E521D79}.Debug|Any CPU.Build.0 = Debug|Any CPU
		{8FBB3D0E-C2F7-4193-A2C9-AE786E521D79}.Release|Any CPU.ActiveCfg = Release|Any CPU
		{8FBB3D0E-C2F7-4193-A2C9-AE786E521D79}.Release|Any CPU.Build.0 = Release|Any CPU
	EndGlobalSection
	GlobalSection(SolutionProperties) = preSolution
		HideSolutionNode = FALSE
	EndGlobalSection
	GlobalSection(ExtensibilityGlobals) = postSolution
		SolutionGuid = {26ECA2E3-0637-4EC9-BA57-B0E297D9FB7E}
	EndGlobalSection
EndGlobal
