
Microsoft Visual Studio Solution File, Format Version 12.00
# Visual Studio Version 17
VisualStudioVersion = 17.2.32630.192
MinimumVisualStudioVersion = 10.0.40219.1
Project("{FAE04EC0-301F-11D3-BF4B-00C04F79EFBC}") = "HalosGatePoC", "HalosGatePoC\HalosGatePoC.csproj", "{1477B0EC-C78B-41C4-BD61-2827FEA89785}"
EndProject
Project("{FAE04EC0-301F-11D3-BF4B-00C04F79EFBC}") = "HellsGatePoC", "HellsGatePoC\HellsGatePoC.csproj", "{8F34AEB3-2FD4-447A-9B70-0204E0DA1ECE}"
EndProject
Project("{FAE04EC0-301F-11D3-BF4B-00C04F79EFBC}") = "PhysicalResolvePoC", "PhysicalResolvePoC\PhysicalResolvePoC.csproj", "{6F2256DC-121D-401C-9A93-4368F048E969}"
EndProject
Global
	GlobalSection(SolutionConfigurationPlatforms) = preSolution
		Debug|Any CPU = Debug|Any CPU
		Release|Any CPU = Release|Any CPU
	EndGlobalSection
	GlobalSection(ProjectConfigurationPlatforms) = postSolution
		{1477B0EC-C78B-41C4-BD61-2827FEA89785}.Debug|Any CPU.ActiveCfg = Debug|Any CPU
		{1477B0EC-C78B-41C4-BD61-2827FEA89785}.Debug|Any CPU.Build.0 = Debug|Any CPU
		{1477B0EC-C78B-41C4-BD61-2827FEA89785}.Release|Any CPU.ActiveCfg = Release|Any CPU
		{1477B0EC-C78B-41C4-BD61-2827FEA89785}.Release|Any CPU.Build.0 = Release|Any CPU
		{8F34AEB3-2FD4-447A-9B70-0204E0DA1ECE}.Debug|Any CPU.ActiveCfg = Debug|Any CPU
		{8F34AEB3-2FD4-447A-9B70-0204E0DA1ECE}.Debug|Any CPU.Build.0 = Debug|Any CPU
		{8F34AEB3-2FD4-447A-9B70-0204E0DA1ECE}.Release|Any CPU.ActiveCfg = Release|Any CPU
		{8F34AEB3-2FD4-447A-9B70-0204E0DA1ECE}.Release|Any CPU.Build.0 = Release|Any CPU
		{6F2256DC-121D-401C-9A93-4368F048E969}.Debug|Any CPU.ActiveCfg = Debug|Any CPU
		{6F2256DC-121D-401C-9A93-4368F048E969}.Debug|Any CPU.Build.0 = Debug|Any CPU
		{6F2256DC-121D-401C-9A93-4368F048E969}.Release|Any CPU.ActiveCfg = Release|Any CPU
		{6F2256DC-121D-401C-9A93-4368F048E969}.Release|Any CPU.Build.0 = Release|Any CPU
	EndGlobalSection
	GlobalSection(SolutionProperties) = preSolution
		HideSolutionNode = FALSE
	EndGlobalSection
	GlobalSection(ExtensibilityGlobals) = postSolution
		SolutionGuid = {7B7414A7-9937-4F9D-9715-E0FD68069A63}
	EndGlobalSection
EndGlobal
