
Microsoft Visual Studio Solution File, Format Version 12.00
# Visual Studio Version 16
VisualStudioVersion = 16.0.31829.152
MinimumVisualStudioVersion = 10.0.40219.1
Project("{FAE04EC0-301F-11D3-BF4B-00C04F79EFBC}") = "PhysicalResolvePoC", "PhysicalResolvePoC\PhysicalResolvePoC.csproj", "{AEBDD3FA-5AC0-465C-A6C3-0D30F95308B6}"
EndProject
Project("{FAE04EC0-301F-11D3-BF4B-00C04F79EFBC}") = "HellsGatePoC", "HellsGatePoC\HellsGatePoC.csproj", "{5C048F2E-B060-4338-B023-880E9C85C93B}"
EndProject
Project("{FAE04EC0-301F-11D3-BF4B-00C04F79EFBC}") = "HalosGatePoC", "HalosGatePoC\HalosGatePoC.csproj", "{05F92878-F09E-4807-A576-20F02B70320C}"
EndProject
Global
	GlobalSection(SolutionConfigurationPlatforms) = preSolution
		Debug|Any CPU = Debug|Any CPU
		Release|Any CPU = Release|Any CPU
	EndGlobalSection
	GlobalSection(ProjectConfigurationPlatforms) = postSolution
		{AEBDD3FA-5AC0-465C-A6C3-0D30F95308B6}.Debug|Any CPU.ActiveCfg = Debug|Any CPU
		{AEBDD3FA-5AC0-465C-A6C3-0D30F95308B6}.Debug|Any CPU.Build.0 = Debug|Any CPU
		{AEBDD3FA-5AC0-465C-A6C3-0D30F95308B6}.Release|Any CPU.ActiveCfg = Release|Any CPU
		{AEBDD3FA-5AC0-465C-A6C3-0D30F95308B6}.Release|Any CPU.Build.0 = Release|Any CPU
		{5C048F2E-B060-4338-B023-880E9C85C93B}.Debug|Any CPU.ActiveCfg = Debug|Any CPU
		{5C048F2E-B060-4338-B023-880E9C85C93B}.Debug|Any CPU.Build.0 = Debug|Any CPU
		{5C048F2E-B060-4338-B023-880E9C85C93B}.Release|Any CPU.ActiveCfg = Release|Any CPU
		{5C048F2E-B060-4338-B023-880E9C85C93B}.Release|Any CPU.Build.0 = Release|Any CPU
		{05F92878-F09E-4807-A576-20F02B70320C}.Debug|Any CPU.ActiveCfg = Debug|Any CPU
		{05F92878-F09E-4807-A576-20F02B70320C}.Debug|Any CPU.Build.0 = Debug|Any CPU
		{05F92878-F09E-4807-A576-20F02B70320C}.Release|Any CPU.ActiveCfg = Release|Any CPU
		{05F92878-F09E-4807-A576-20F02B70320C}.Release|Any CPU.Build.0 = Release|Any CPU
	EndGlobalSection
	GlobalSection(SolutionProperties) = preSolution
		HideSolutionNode = FALSE
	EndGlobalSection
	GlobalSection(ExtensibilityGlobals) = postSolution
		SolutionGuid = {C84C3925-9B01-4F6C-B4C5-6B4026A9990D}
	EndGlobalSection
EndGlobal
