
Microsoft Visual Studio Solution File, Format Version 12.00
# Visual Studio Version 17
VisualStudioVersion = 17.2.32630.192
MinimumVisualStudioVersion = 10.0.40219.1
Project("{FAE04EC0-301F-11D3-BF4B-00C04F79EFBC}") = "HeavensGatePoC", "HeavensGatePoC\HeavensGatePoC.csproj", "{CAA6DD06-524A-452E-9023-8F49E7A285E3}"
EndProject
Global
	GlobalSection(SolutionConfigurationPlatforms) = preSolution
		Debug|Any CPU = Debug|Any CPU
		Release|Any CPU = Release|Any CPU
	EndGlobalSection
	GlobalSection(ProjectConfigurationPlatforms) = postSolution
		{CAA6DD06-524A-452E-9023-8F49E7A285E3}.Debug|Any CPU.ActiveCfg = Debug|Any CPU
		{CAA6DD06-524A-452E-9023-8F49E7A285E3}.Debug|Any CPU.Build.0 = Debug|Any CPU
		{CAA6DD06-524A-452E-9023-8F49E7A285E3}.Release|Any CPU.ActiveCfg = Release|Any CPU
		{CAA6DD06-524A-452E-9023-8F49E7A285E3}.Release|Any CPU.Build.0 = Release|Any CPU
	EndGlobalSection
	GlobalSection(SolutionProperties) = preSolution
		HideSolutionNode = FALSE
	EndGlobalSection
	GlobalSection(ExtensibilityGlobals) = postSolution
		SolutionGuid = {742C6639-F0BF-4744-B484-2661D109970C}
	EndGlobalSection
EndGlobal
